// !$*UTF8*$!
{
	archiveVersion = 1;
	classes = {
	};
	objectVersion = 46;
	objects = {

/* Begin PBXBuildFile section */
		F06AB4921C129277003D03ED /* bluetoothModule.cpp in Sources */ = {isa = PBXBuildFile; fileRef = F06AB4901C129277003D03ED /* bluetoothModule.cpp */; };
		F06AB4951C12D5EE003D03ED /* controlling.cpp in Sources */ = {isa = PBXBuildFile; fileRef = F06AB4931C12D5EE003D03ED /* controlling.cpp */; };
		F08B933D1BED8BD2004D2CDE /* hough.cpp in Sources */ = {isa = PBXBuildFile; fileRef = F08B933B1BED8BD2004D2CDE /* hough.cpp */; };
		F08B93401BED9F51004D2CDE /* tracking.cpp in Sources */ = {isa = PBXBuildFile; fileRef = F08B933E1BED9F51004D2CDE /* tracking.cpp */; };
		F0D66A461BE8D182003C416A /* main.cpp in Sources */ = {isa = PBXBuildFile; fileRef = F0D66A451BE8D182003C416A /* main.cpp */; };
		F0D66A5E1BE8D22E003C416A /* libopencv_calib3d.2.4.11.dylib in Frameworks */ = {isa = PBXBuildFile; fileRef = F0D66A4C1BE8D22E003C416A /* libopencv_calib3d.2.4.11.dylib */; };
		F0D66A5F1BE8D22E003C416A /* libopencv_contrib.2.4.11.dylib in Frameworks */ = {isa = PBXBuildFile; fileRef = F0D66A4D1BE8D22E003C416A /* libopencv_contrib.2.4.11.dylib */; };
		F0D66A601BE8D22E003C416A /* libopencv_core.2.4.11.dylib in Frameworks */ = {isa = PBXBuildFile; fileRef = F0D66A4E1BE8D22E003C416A /* libopencv_core.2.4.11.dylib */; };
		F0D66A611BE8D22E003C416A /* libopencv_features2d.2.4.11.dylib in Frameworks */ = {isa = PBXBuildFile; fileRef = F0D66A4F1BE8D22E003C416A /* libopencv_features2d.2.4.11.dylib */; };
		F0D66A621BE8D22E003C416A /* libopencv_flann.2.4.11.dylib in Frameworks */ = {isa = PBXBuildFile; fileRef = F0D66A501BE8D22E003C416A /* libopencv_flann.2.4.11.dylib */; };
		F0D66A631BE8D22E003C416A /* libopencv_gpu.2.4.11.dylib in Frameworks */ = {isa = PBXBuildFile; fileRef = F0D66A511BE8D22E003C416A /* libopencv_gpu.2.4.11.dylib */; };
		F0D66A641BE8D22E003C416A /* libopencv_highgui.2.4.11.dylib in Frameworks */ = {isa = PBXBuildFile; fileRef = F0D66A521BE8D22E003C416A /* libopencv_highgui.2.4.11.dylib */; };
		F0D66A651BE8D22E003C416A /* libopencv_imgproc.2.4.11.dylib in Frameworks */ = {isa = PBXBuildFile; fileRef = F0D66A531BE8D22E003C416A /* libopencv_imgproc.2.4.11.dylib */; };
		F0D66A661BE8D22E003C416A /* libopencv_legacy.2.4.11.dylib in Frameworks */ = {isa = PBXBuildFile; fileRef = F0D66A541BE8D22E003C416A /* libopencv_legacy.2.4.11.dylib */; };
		F0D66A671BE8D22E003C416A /* libopencv_ml.2.4.11.dylib in Frameworks */ = {isa = PBXBuildFile; fileRef = F0D66A551BE8D22E003C416A /* libopencv_ml.2.4.11.dylib */; };
		F0D66A681BE8D22E003C416A /* libopencv_nonfree.2.4.11.dylib in Frameworks */ = {isa = PBXBuildFile; fileRef = F0D66A561BE8D22E003C416A /* libopencv_nonfree.2.4.11.dylib */; };
		F0D66A691BE8D22E003C416A /* libopencv_objdetect.2.4.11.dylib in Frameworks */ = {isa = PBXBuildFile; fileRef = F0D66A571BE8D22E003C416A /* libopencv_objdetect.2.4.11.dylib */; };
		F0D66A6A1BE8D22E003C416A /* libopencv_ocl.2.4.11.dylib in Frameworks */ = {isa = PBXBuildFile; fileRef = F0D66A581BE8D22E003C416A /* libopencv_ocl.2.4.11.dylib */; };
		F0D66A6B1BE8D22E003C416A /* libopencv_photo.2.4.11.dylib in Frameworks */ = {isa = PBXBuildFile; fileRef = F0D66A591BE8D22E003C416A /* libopencv_photo.2.4.11.dylib */; };
		F0D66A6C1BE8D22E003C416A /* libopencv_stitching.2.4.11.dylib in Frameworks */ = {isa = PBXBuildFile; fileRef = F0D66A5A1BE8D22E003C416A /* libopencv_stitching.2.4.11.dylib */; };
		F0D66A6D1BE8D22E003C416A /* libopencv_superres.2.4.11.dylib in Frameworks */ = {isa = PBXBuildFile; fileRef = F0D66A5B1BE8D22E003C416A /* libopencv_superres.2.4.11.dylib */; };
		F0D66A6E1BE8D22E003C416A /* libopencv_video.2.4.11.dylib in Frameworks */ = {isa = PBXBuildFile; fileRef = F0D66A5C1BE8D22E003C416A /* libopencv_video.2.4.11.dylib */; };
		F0D66A6F1BE8D22E003C416A /* libopencv_videostab.2.4.11.dylib in Frameworks */ = {isa = PBXBuildFile; fileRef = F0D66A5D1BE8D22E003C416A /* libopencv_videostab.2.4.11.dylib */; };
		F0D66A761BE8DB7D003C416A /* perspectiveTransform.cpp in Sources */ = {isa = PBXBuildFile; fileRef = F0D66A741BE8DB7D003C416A /* perspectiveTransform.cpp */; };
		F0D66A791BE8E793003C416A /* binarization.cpp in Sources */ = {isa = PBXBuildFile; fileRef = F0D66A771BE8E793003C416A /* binarization.cpp */; };
		F0EC04051C1821DE00D2FB10 /* timecalc.cpp in Sources */ = {isa = PBXBuildFile; fileRef = F0EC04041C1821DE00D2FB10 /* timecalc.cpp */; };
		F0FA89401C155BAE00A15909 /* image.cpp in Sources */ = {isa = PBXBuildFile; fileRef = F0FA893F1C155BAE00A15909 /* image.cpp */; };
/* End PBXBuildFile section */

/* Begin PBXCopyFilesBuildPhase section */
		F0D66A401BE8D182003C416A /* CopyFiles */ = {
			isa = PBXCopyFilesBuildPhase;
			buildActionMask = 2147483647;
			dstPath = /usr/share/man/man1/;
			dstSubfolderSpec = 0;
			files = (
			);
			runOnlyForDeploymentPostprocessing = 1;
		};
/* End PBXCopyFilesBuildPhase section */

/* Begin PBXFileReference section */
		F06AB4901C129277003D03ED /* bluetoothModule.cpp */ = {isa = PBXFileReference; fileEncoding = 4; lastKnownFileType = sourcecode.cpp.cpp; path = bluetoothModule.cpp; sourceTree = "<group>"; };
		F06AB4911C129277003D03ED /* bluetoothModule.h */ = {isa = PBXFileReference; fileEncoding = 4; lastKnownFileType = sourcecode.c.h; path = bluetoothModule.h; sourceTree = "<group>"; };
		F06AB4931C12D5EE003D03ED /* controlling.cpp */ = {isa = PBXFileReference; fileEncoding = 4; lastKnownFileType = sourcecode.cpp.cpp; path = controlling.cpp; sourceTree = "<group>"; };
		F06AB4941C12D5EE003D03ED /* controlling.h */ = {isa = PBXFileReference; fileEncoding = 4; lastKnownFileType = sourcecode.c.h; path = controlling.h; sourceTree = "<group>"; };
		F08B933B1BED8BD2004D2CDE /* hough.cpp */ = {isa = PBXFileReference; fileEncoding = 4; lastKnownFileType = sourcecode.cpp.cpp; path = hough.cpp; sourceTree = "<group>"; };
		F08B933C1BED8BD2004D2CDE /* hough.h */ = {isa = PBXFileReference; fileEncoding = 4; lastKnownFileType = sourcecode.c.h; path = hough.h; sourceTree = "<group>"; };
		F08B933E1BED9F51004D2CDE /* tracking.cpp */ = {isa = PBXFileReference; fileEncoding = 4; lastKnownFileType = sourcecode.cpp.cpp; path = tracking.cpp; sourceTree = "<group>"; };
		F08B933F1BED9F51004D2CDE /* tracking.h */ = {isa = PBXFileReference; fileEncoding = 4; lastKnownFileType = sourcecode.c.h; path = tracking.h; sourceTree = "<group>"; };
		F0D66A421BE8D182003C416A /* 工科创IIB-prototype */ = {isa = PBXFileReference; explicitFileType = "compiled.mach-o.executable"; includeInIndex = 0; path = "工科创IIB-prototype"; sourceTree = BUILT_PRODUCTS_DIR; };
		F0D66A451BE8D182003C416A /* main.cpp */ = {isa = PBXFileReference; lastKnownFileType = sourcecode.cpp.cpp; path = main.cpp; sourceTree = "<group>"; };
		F0D66A4C1BE8D22E003C416A /* libopencv_calib3d.2.4.11.dylib */ = {isa = PBXFileReference; lastKnownFileType = "compiled.mach-o.dylib"; name = libopencv_calib3d.2.4.11.dylib; path = /usr/local/lib/libopencv_calib3d.2.4.11.dylib; sourceTree = "<absolute>"; };
		F0D66A4D1BE8D22E003C416A /* libopencv_contrib.2.4.11.dylib */ = {isa = PBXFileReference; lastKnownFileType = "compiled.mach-o.dylib"; name = libopencv_contrib.2.4.11.dylib; path = /usr/local/lib/libopencv_contrib.2.4.11.dylib; sourceTree = "<absolute>"; };
		F0D66A4E1BE8D22E003C416A /* libopencv_core.2.4.11.dylib */ = {isa = PBXFileReference; lastKnownFileType = "compiled.mach-o.dylib"; name = libopencv_core.2.4.11.dylib; path = /usr/local/lib/libopencv_core.2.4.11.dylib; sourceTree = "<absolute>"; };
		F0D66A4F1BE8D22E003C416A /* libopencv_features2d.2.4.11.dylib */ = {isa = PBXFileReference; lastKnownFileType = "compiled.mach-o.dylib"; name = libopencv_features2d.2.4.11.dylib; path = /usr/local/lib/libopencv_features2d.2.4.11.dylib; sourceTree = "<absolute>"; };
		F0D66A501BE8D22E003C416A /* libopencv_flann.2.4.11.dylib */ = {isa = PBXFileReference; lastKnownFileType = "compiled.mach-o.dylib"; name = libopencv_flann.2.4.11.dylib; path = /usr/local/lib/libopencv_flann.2.4.11.dylib; sourceTree = "<absolute>"; };
		F0D66A511BE8D22E003C416A /* libopencv_gpu.2.4.11.dylib */ = {isa = PBXFileReference; lastKnownFileType = "compiled.mach-o.dylib"; name = libopencv_gpu.2.4.11.dylib; path = /usr/local/lib/libopencv_gpu.2.4.11.dylib; sourceTree = "<absolute>"; };
		F0D66A521BE8D22E003C416A /* libopencv_highgui.2.4.11.dylib */ = {isa = PBXFileReference; lastKnownFileType = "compiled.mach-o.dylib"; name = libopencv_highgui.2.4.11.dylib; path = /usr/local/lib/libopencv_highgui.2.4.11.dylib; sourceTree = "<absolute>"; };
		F0D66A531BE8D22E003C416A /* libopencv_imgproc.2.4.11.dylib */ = {isa = PBXFileReference; lastKnownFileType = "compiled.mach-o.dylib"; name = libopencv_imgproc.2.4.11.dylib; path = /usr/local/lib/libopencv_imgproc.2.4.11.dylib; sourceTree = "<absolute>"; };
		F0D66A541BE8D22E003C416A /* libopencv_legacy.2.4.11.dylib */ = {isa = PBXFileReference; lastKnownFileType = "compiled.mach-o.dylib"; name = libopencv_legacy.2.4.11.dylib; path = /usr/local/lib/libopencv_legacy.2.4.11.dylib; sourceTree = "<absolute>"; };
		F0D66A551BE8D22E003C416A /* libopencv_ml.2.4.11.dylib */ = {isa = PBXFileReference; lastKnownFileType = "compiled.mach-o.dylib"; name = libopencv_ml.2.4.11.dylib; path = /usr/local/lib/libopencv_ml.2.4.11.dylib; sourceTree = "<absolute>"; };
		F0D66A561BE8D22E003C416A /* libopencv_nonfree.2.4.11.dylib */ = {isa = PBXFileReference; lastKnownFileType = "compiled.mach-o.dylib"; name = libopencv_nonfree.2.4.11.dylib; path = /usr/local/lib/libopencv_nonfree.2.4.11.dylib; sourceTree = "<absolute>"; };
		F0D66A571BE8D22E003C416A /* libopencv_objdetect.2.4.11.dylib */ = {isa = PBXFileReference; lastKnownFileType = "compiled.mach-o.dylib"; name = libopencv_objdetect.2.4.11.dylib; path = /usr/local/lib/libopencv_objdetect.2.4.11.dylib; sourceTree = "<absolute>"; };
		F0D66A581BE8D22E003C416A /* libopencv_ocl.2.4.11.dylib */ = {isa = PBXFileReference; lastKnownFileType = "compiled.mach-o.dylib"; name = libopencv_ocl.2.4.11.dylib; path = /usr/local/lib/libopencv_ocl.2.4.11.dylib; sourceTree = "<absolute>"; };
		F0D66A591BE8D22E003C416A /* libopencv_photo.2.4.11.dylib */ = {isa = PBXFileReference; lastKnownFileType = "compiled.mach-o.dylib"; name = libopencv_photo.2.4.11.dylib; path = /usr/local/lib/libopencv_photo.2.4.11.dylib; sourceTree = "<absolute>"; };
		F0D66A5A1BE8D22E003C416A /* libopencv_stitching.2.4.11.dylib */ = {isa = PBXFileReference; lastKnownFileType = "compiled.mach-o.dylib"; name = libopencv_stitching.2.4.11.dylib; path = /usr/local/lib/libopencv_stitching.2.4.11.dylib; sourceTree = "<absolute>"; };
		F0D66A5B1BE8D22E003C416A /* libopencv_superres.2.4.11.dylib */ = {isa = PBXFileReference; lastKnownFileType = "compiled.mach-o.dylib"; name = libopencv_superres.2.4.11.dylib; path = /usr/local/lib/libopencv_superres.2.4.11.dylib; sourceTree = "<absolute>"; };
		F0D66A5C1BE8D22E003C416A /* libopencv_video.2.4.11.dylib */ = {isa = PBXFileReference; lastKnownFileType = "compiled.mach-o.dylib"; name = libopencv_video.2.4.11.dylib; path = /usr/local/lib/libopencv_video.2.4.11.dylib; sourceTree = "<absolute>"; };
		F0D66A5D1BE8D22E003C416A /* libopencv_videostab.2.4.11.dylib */ = {isa = PBXFileReference; lastKnownFileType = "compiled.mach-o.dylib"; name = libopencv_videostab.2.4.11.dylib; path = /usr/local/lib/libopencv_videostab.2.4.11.dylib; sourceTree = "<absolute>"; };
		F0D66A711BE8D329003C416A /* image.h */ = {isa = PBXFileReference; lastKnownFileType = sourcecode.c.h; path = image.h; sourceTree = "<group>"; };
		F0D66A741BE8DB7D003C416A /* perspectiveTransform.cpp */ = {isa = PBXFileReference; fileEncoding = 4; lastKnownFileType = sourcecode.cpp.cpp; path = perspectiveTransform.cpp; sourceTree = "<group>"; };
		F0D66A751BE8DB7D003C416A /* perspectiveTransform.h */ = {isa = PBXFileReference; fileEncoding = 4; lastKnownFileType = sourcecode.c.h; path = perspectiveTransform.h; sourceTree = "<group>"; };
		F0D66A771BE8E793003C416A /* binarization.cpp */ = {isa = PBXFileReference; fileEncoding = 4; lastKnownFileType = sourcecode.cpp.cpp; path = binarization.cpp; sourceTree = "<group>"; };
		F0D66A781BE8E793003C416A /* binarization.h */ = {isa = PBXFileReference; fileEncoding = 4; lastKnownFileType = sourcecode.c.h; path = binarization.h; sourceTree = "<group>"; };
		F0EC04021C17ED8900D2FB10 /* timecalc.h */ = {isa = PBXFileReference; lastKnownFileType = sourcecode.c.h; name = timecalc.h; path = "工科创IIB-prototype/timecalc.h"; sourceTree = "<group>"; };
		F0EC04041C1821DE00D2FB10 /* timecalc.cpp */ = {isa = PBXFileReference; fileEncoding = 4; lastKnownFileType = sourcecode.cpp.cpp; name = timecalc.cpp; path = "工科创IIB-prototype/timecalc.cpp"; sourceTree = "<group>"; };
		F0FA893F1C155BAE00A15909 /* image.cpp */ = {isa = PBXFileReference; fileEncoding = 4; lastKnownFileType = sourcecode.cpp.cpp; path = image.cpp; sourceTree = "<group>"; };
/* End PBXFileReference section */

/* Begin PBXFrameworksBuildPhase section */
		F0D66A3F1BE8D182003C416A /* Frameworks */ = {
			isa = PBXFrameworksBuildPhase;
			buildActionMask = 2147483647;
			files = (
				F0D66A5E1BE8D22E003C416A /* libopencv_calib3d.2.4.11.dylib in Frameworks */,
				F0D66A5F1BE8D22E003C416A /* libopencv_contrib.2.4.11.dylib in Frameworks */,
				F0D66A601BE8D22E003C416A /* libopencv_core.2.4.11.dylib in Frameworks */,
				F0D66A611BE8D22E003C416A /* libopencv_features2d.2.4.11.dylib in Frameworks */,
				F0D66A621BE8D22E003C416A /* libopencv_flann.2.4.11.dylib in Frameworks */,
				F0D66A631BE8D22E003C416A /* libopencv_gpu.2.4.11.dylib in Frameworks */,
				F0D66A641BE8D22E003C416A /* libopencv_highgui.2.4.11.dylib in Frameworks */,
				F0D66A651BE8D22E003C416A /* libopencv_imgproc.2.4.11.dylib in Frameworks */,
				F0D66A661BE8D22E003C416A /* libopencv_legacy.2.4.11.dylib in Frameworks */,
				F0D66A671BE8D22E003C416A /* libopencv_ml.2.4.11.dylib in Frameworks */,
				F0D66A681BE8D22E003C416A /* libopencv_nonfree.2.4.11.dylib in Frameworks */,
				F0D66A691BE8D22E003C416A /* libopencv_objdetect.2.4.11.dylib in Frameworks */,
				F0D66A6A1BE8D22E003C416A /* libopencv_ocl.2.4.11.dylib in Frameworks */,
				F0D66A6B1BE8D22E003C416A /* libopencv_photo.2.4.11.dylib in Frameworks */,
				F0D66A6C1BE8D22E003C416A /* libopencv_stitching.2.4.11.dylib in Frameworks */,
				F0D66A6D1BE8D22E003C416A /* libopencv_superres.2.4.11.dylib in Frameworks */,
				F0D66A6E1BE8D22E003C416A /* libopencv_video.2.4.11.dylib in Frameworks */,
				F0D66A6F1BE8D22E003C416A /* libopencv_videostab.2.4.11.dylib in Frameworks */,
			);
			runOnlyForDeploymentPostprocessing = 0;
		};
/* End PBXFrameworksBuildPhase section */

/* Begin PBXGroup section */
		F0D66A391BE8D182003C416A = {
			isa = PBXGroup;
			children = (
				F0EC04031C17F39F00D2FB10 /* Debug Sections */,
				F0D66A441BE8D182003C416A /* 工科创IIB-prototype */,
				F0D66A701BE8D237003C416A /* dylibs */,
				F0D66A431BE8D182003C416A /* Products */,
			);
			sourceTree = "<group>";
		};
		F0D66A431BE8D182003C416A /* Products */ = {
			isa = PBXGroup;
			children = (
				F0D66A421BE8D182003C416A /* 工科创IIB-prototype */,
			);
			name = Products;
			sourceTree = "<group>";
		};
		F0D66A441BE8D182003C416A /* 工科创IIB-prototype */ = {
			isa = PBXGroup;
			children = (
				F0D66A451BE8D182003C416A /* main.cpp */,
				F0D66A711BE8D329003C416A /* image.h */,
				F0FA893F1C155BAE00A15909 /* image.cpp */,
				F0D66A741BE8DB7D003C416A /* perspectiveTransform.cpp */,
				F0D66A751BE8DB7D003C416A /* perspectiveTransform.h */,
				F0D66A771BE8E793003C416A /* binarization.cpp */,
				F0D66A781BE8E793003C416A /* binarization.h */,
				F08B933B1BED8BD2004D2CDE /* hough.cpp */,
				F08B933C1BED8BD2004D2CDE /* hough.h */,
				F06AB4931C12D5EE003D03ED /* controlling.cpp */,
				F06AB4941C12D5EE003D03ED /* controlling.h */,
				F08B933E1BED9F51004D2CDE /* tracking.cpp */,
				F08B933F1BED9F51004D2CDE /* tracking.h */,
				F06AB4901C129277003D03ED /* bluetoothModule.cpp */,
				F06AB4911C129277003D03ED /* bluetoothModule.h */,
			);
			path = "工科创IIB-prototype";
			sourceTree = "<group>";
		};
		F0D66A701BE8D237003C416A /* dylibs */ = {
			isa = PBXGroup;
			children = (
				F0D66A4C1BE8D22E003C416A /* libopencv_calib3d.2.4.11.dylib */,
				F0D66A4D1BE8D22E003C416A /* libopencv_contrib.2.4.11.dylib */,
				F0D66A4E1BE8D22E003C416A /* libopencv_core.2.4.11.dylib */,
				F0D66A4F1BE8D22E003C416A /* libopencv_features2d.2.4.11.dylib */,
				F0D66A501BE8D22E003C416A /* libopencv_flann.2.4.11.dylib */,
				F0D66A511BE8D22E003C416A /* libopencv_gpu.2.4.11.dylib */,
				F0D66A521BE8D22E003C416A /* libopencv_highgui.2.4.11.dylib */,
				F0D66A531BE8D22E003C416A /* libopencv_imgproc.2.4.11.dylib */,
				F0D66A541BE8D22E003C416A /* libopencv_legacy.2.4.11.dylib */,
				F0D66A551BE8D22E003C416A /* libopencv_ml.2.4.11.dylib */,
				F0D66A561BE8D22E003C416A /* libopencv_nonfree.2.4.11.dylib */,
				F0D66A571BE8D22E003C416A /* libopencv_objdetect.2.4.11.dylib */,
				F0D66A581BE8D22E003C416A /* libopencv_ocl.2.4.11.dylib */,
				F0D66A591BE8D22E003C416A /* libopencv_photo.2.4.11.dylib */,
				F0D66A5A1BE8D22E003C416A /* libopencv_stitching.2.4.11.dylib */,
				F0D66A5B1BE8D22E003C416A /* libopencv_superres.2.4.11.dylib */,
				F0D66A5C1BE8D22E003C416A /* libopencv_video.2.4.11.dylib */,
				F0D66A5D1BE8D22E003C416A /* libopencv_videostab.2.4.11.dylib */,
			);
			name = dylibs;
			sourceTree = "<group>";
		};
		F0EC04031C17F39F00D2FB10 /* Debug Sections */ = {
			isa = PBXGroup;
			children = (
				F0EC04021C17ED8900D2FB10 /* timecalc.h */,
				F0EC04041C1821DE00D2FB10 /* timecalc.cpp */,
			);
			name = "Debug Sections";
			sourceTree = "<group>";
		};
/* End PBXGroup section */

/* Begin PBXNativeTarget section */
		F0D66A411BE8D182003C416A /* 工科创IIB-prototype */ = {
			isa = PBXNativeTarget;
			buildConfigurationList = F0D66A491BE8D182003C416A /* Build configuration list for PBXNativeTarget "工科创IIB-prototype" */;
			buildPhases = (
				F0D66A3E1BE8D182003C416A /* Sources */,
				F0D66A3F1BE8D182003C416A /* Frameworks */,
				F0D66A401BE8D182003C416A /* CopyFiles */,
			);
			buildRules = (
			);
			dependencies = (
			);
			name = "工科创IIB-prototype";
			productName = "工科创IIB-prototype";
			productReference = F0D66A421BE8D182003C416A /* 工科创IIB-prototype */;
			productType = "com.apple.product-type.tool";
		};
/* End PBXNativeTarget section */

/* Begin PBXProject section */
		F0D66A3A1BE8D182003C416A /* Project object */ = {
			isa = PBXProject;
			attributes = {
				LastUpgradeCheck = 0710;
				ORGANIZATIONNAME = Apollo;
				TargetAttributes = {
					F0D66A411BE8D182003C416A = {
						CreatedOnToolsVersion = 7.1;
					};
				};
			};
			buildConfigurationList = F0D66A3D1BE8D182003C416A /* Build configuration list for PBXProject "工科创IIB-prototype" */;
			compatibilityVersion = "Xcode 3.2";
			developmentRegion = English;
			hasScannedForEncodings = 0;
			knownRegions = (
				en,
			);
			mainGroup = F0D66A391BE8D182003C416A;
			productRefGroup = F0D66A431BE8D182003C416A /* Products */;
			projectDirPath = "";
			projectRoot = "";
			targets = (
				F0D66A411BE8D182003C416A /* 工科创IIB-prototype */,
			);
		};
/* End PBXProject section */

/* Begin PBXSourcesBuildPhase section */
		F0D66A3E1BE8D182003C416A /* Sources */ = {
			isa = PBXSourcesBuildPhase;
			buildActionMask = 2147483647;
			files = (
				F06AB4921C129277003D03ED /* bluetoothModule.cpp in Sources */,
				F0D66A761BE8DB7D003C416A /* perspectiveTransform.cpp in Sources */,
				F0D66A461BE8D182003C416A /* main.cpp in Sources */,
				F0D66A791BE8E793003C416A /* binarization.cpp in Sources */,
				F0EC04051C1821DE00D2FB10 /* timecalc.cpp in Sources */,
				F08B93401BED9F51004D2CDE /* tracking.cpp in Sources */,
				F0FA89401C155BAE00A15909 /* image.cpp in Sources */,
				F06AB4951C12D5EE003D03ED /* controlling.cpp in Sources */,
				F08B933D1BED8BD2004D2CDE /* hough.cpp in Sources */,
			);
			runOnlyForDeploymentPostprocessing = 0;
		};
/* End PBXSourcesBuildPhase section */

/* Begin XCBuildConfiguration section */
		F0D66A471BE8D182003C416A /* Debug */ = {
			isa = XCBuildConfiguration;
			buildSettings = {
				ALWAYS_SEARCH_USER_PATHS = NO;
				CLANG_CXX_LANGUAGE_STANDARD = "gnu++0x";
				CLANG_CXX_LIBRARY = "libc++";
				CLANG_ENABLE_MODULES = YES;
				CLANG_ENABLE_OBJC_ARC = YES;
				CLANG_WARN_BOOL_CONVERSION = YES;
				CLANG_WARN_CONSTANT_CONVERSION = YES;
				CLANG_WARN_DIRECT_OBJC_ISA_USAGE = YES_ERROR;
				CLANG_WARN_EMPTY_BODY = YES;
				CLANG_WARN_ENUM_CONVERSION = YES;
				CLANG_WARN_INT_CONVERSION = YES;
				CLANG_WARN_OBJC_ROOT_CLASS = YES_ERROR;
				CLANG_WARN_UNREACHABLE_CODE = YES;
				CLANG_WARN__DUPLICATE_METHOD_MATCH = YES;
				CODE_SIGN_IDENTITY = "-";
				COPY_PHASE_STRIP = NO;
				DEBUG_INFORMATION_FORMAT = dwarf;
				ENABLE_STRICT_OBJC_MSGSEND = YES;
				ENABLE_TESTABILITY = YES;
				GCC_C_LANGUAGE_STANDARD = gnu99;
				GCC_DYNAMIC_NO_PIC = NO;
				GCC_NO_COMMON_BLOCKS = YES;
				GCC_OPTIMIZATION_LEVEL = 0;
				GCC_PREPROCESSOR_DEFINITIONS = (
					"DEBUG=1",
					"$(inherited)",
				);
				GCC_WARN_64_TO_32_BIT_CONVERSION = YES;
				GCC_WARN_ABOUT_RETURN_TYPE = YES_ERROR;
				GCC_WARN_UNDECLARED_SELECTOR = YES;
				GCC_WARN_UNINITIALIZED_AUTOS = YES_AGGRESSIVE;
				GCC_WARN_UNUSED_FUNCTION = YES;
				GCC_WARN_UNUSED_VARIABLE = YES;
				LIBRARY_SEARCH_PATHS = "/usr/local/lib/**";
				MACOSX_DEPLOYMENT_TARGET = 10.11;
				MTL_ENABLE_DEBUG_INFO = YES;
				ONLY_ACTIVE_ARCH = YES;
				SDKROOT = macosx;
				USER_HEADER_SEARCH_PATHS = "/usr/local/include/**";
			};
			name = Debug;
		};
		F0D66A481BE8D182003C416A /* Release */ = {
			isa = XCBuildConfiguration;
			buildSettings = {
				ALWAYS_SEARCH_USER_PATHS = NO;
				CLANG_CXX_LANGUAGE_STANDARD = "gnu++0x";
				CLANG_CXX_LIBRARY = "libc++";
				CLANG_ENABLE_MODULES = YES;
				CLANG_ENABLE_OBJC_ARC = YES;
				CLANG_WARN_BOOL_CONVERSION = YES;
				CLANG_WARN_CONSTANT_CONVERSION = YES;
				CLANG_WARN_DIRECT_OBJC_ISA_USAGE = YES_ERROR;
				CLANG_WARN_EMPTY_BODY = YES;
				CLANG_WARN_ENUM_CONVERSION = YES;
				CLANG_WARN_INT_CONVERSION = YES;
				CLANG_WARN_OBJC_ROOT_CLASS = YES_ERROR;
				CLANG_WARN_UNREACHABLE_CODE = YES;
				CLANG_WARN__DUPLICATE_METHOD_MATCH = YES;
				CODE_SIGN_IDENTITY = "-";
				COPY_PHASE_STRIP = NO;
				DEBUG_INFORMATION_FORMAT = "dwarf-with-dsym";
				ENABLE_NS_ASSERTIONS = NO;
				ENABLE_STRICT_OBJC_MSGSEND = YES;
				GCC_C_LANGUAGE_STANDARD = gnu99;
				GCC_NO_COMMON_BLOCKS = YES;
				GCC_WARN_64_TO_32_BIT_CONVERSION = YES;
				GCC_WARN_ABOUT_RETURN_TYPE = YES_ERROR;
				GCC_WARN_UNDECLARED_SELECTOR = YES;
				GCC_WARN_UNINITIALIZED_AUTOS = YES_AGGRESSIVE;
				GCC_WARN_UNUSED_FUNCTION = YES;
				GCC_WARN_UNUSED_VARIABLE = YES;
				LIBRARY_SEARCH_PATHS = "/usr/local/lib/**";
				MACOSX_DEPLOYMENT_TARGET = 10.11;
				MTL_ENABLE_DEBUG_INFO = NO;
				SDKROOT = macosx;
				USER_HEADER_SEARCH_PATHS = "/usr/local/include/**";
			};
			name = Release;
		};
		F0D66A4A1BE8D182003C416A /* Debug */ = {
			isa = XCBuildConfiguration;
			buildSettings = {
				PRODUCT_NAME = "$(TARGET_NAME)";
			};
			name = Debug;
		};
		F0D66A4B1BE8D182003C416A /* Release */ = {
			isa = XCBuildConfiguration;
			buildSettings = {
				PRODUCT_NAME = "$(TARGET_NAME)";
			};
			name = Release;
		};
/* End XCBuildConfiguration section */

/* Begin XCConfigurationList section */
		F0D66A3D1BE8D182003C416A /* Build configuration list for PBXProject "工科创IIB-prototype" */ = {
			isa = XCConfigurationList;
			buildConfigurations = (
				F0D66A471BE8D182003C416A /* Debug */,
				F0D66A481BE8D182003C416A /* Release */,
			);
			defaultConfigurationIsVisible = 0;
			defaultConfigurationName = Release;
		};
		F0D66A491BE8D182003C416A /* Build configuration list for PBXNativeTarget "工科创IIB-prototype" */ = {
			isa = XCConfigurationList;
			buildConfigurations = (
				F0D66A4A1BE8D182003C416A /* Debug */,
				F0D66A4B1BE8D182003C416A /* Release */,
			);
			defaultConfigurationIsVisible = 0;
			defaultConfigurationName = Release;
		};
/* End XCConfigurationList section */
	};
	rootObject = F0D66A3A1BE8D182003C416A /* Project object */;
}
